Microsoft Visual Studio Solution File, Format Version 12.00
# Visual Studio Version 17
VisualStudioVersion = 17.5.2.0
MinimumVisualStudioVersion = 10.0.40219.1
Project("{FAE04EC0-301F-11D3-BF4B-00C04F79EFBC}") = "LtCodes", "LtCodes.csproj", "{7BBE7861-DB56-15E1-BC7F-7002AECFB569}"
EndProject
Global
	GlobalSection(SolutionConfigurationPlatforms) = preSolution
		Debug|Any CPU = Debug|Any CPU
		Release|Any CPU = Release|Any CPU
	EndGlobalSection
	GlobalSection(ProjectConfigurationPlatforms) = postSolution
		{7BBE7861-DB56-15E1-BC7F-7002AECFB569}.Debug|Any CPU.ActiveCfg = Debug|Any CPU
		{7BBE7861-DB56-15E1-BC7F-7002AECFB569}.Debug|Any CPU.Build.0 = Debug|Any CPU
		{7BBE7861-DB56-15E1-BC7F-7002AECFB569}.Release|Any CPU.ActiveCfg = Release|Any CPU
		{7BBE7861-DB56-15E1-BC7F-7002AECFB569}.Release|Any CPU.Build.0 = Release|Any CPU
	EndGlobalSection
	GlobalSection(SolutionProperties) = preSolution
		HideSolutionNode = FALSE
	EndGlobalSection
	GlobalSection(ExtensibilityGlobals) = postSolution
		SolutionGuid = {32B09E04-2F64-4127-8991-51B3BDE68218}
	EndGlobalSection
EndGlobal
